
Microsoft Visual Studio Solution File, Format Version 12.00
# Visual Studio Version 17
VisualStudioVersion = 17.8.34511.84
MinimumVisualStudioVersion = 10.0.40219.1
Project("{FAE04EC0-301F-11D3-BF4B-00C04F79EFBC}") = "profile-widget-with-custom-fields", "profile-widget-with-custom-fields\profile-widget-with-custom-fields.csproj", "{6B731951-1784-4B74-B8A4-2B64B0B3339D}"
EndProject
Global
	GlobalSection(SolutionConfigurationPlatforms) = preSolution
		Debug|Any CPU = Debug|Any CPU
		Release|Any CPU = Release|Any CPU
	EndGlobalSection
	GlobalSection(ProjectConfigurationPlatforms) = postSolution
		{6B731951-1784-4B74-B8A4-2B64B0B3339D}.Debug|Any CPU.ActiveCfg = Debug|Any CPU
		{6B731951-1784-4B74-B8A4-2B64B0B3339D}.Debug|Any CPU.Build.0 = Debug|Any CPU
		{6B731951-1784-4B74-B8A4-2B64B0B3339D}.Release|Any CPU.ActiveCfg = Release|Any CPU
		{6B731951-1784-4B74-B8A4-2B64B0B3339D}.Release|Any CPU.Build.0 = Release|Any CPU
	EndGlobalSection
	GlobalSection(SolutionProperties) = preSolution
		HideSolutionNode = FALSE
	EndGlobalSection
	GlobalSection(ExtensibilityGlobals) = postSolution
		SolutionGuid = {1E81E83C-BC0C-41EC-8FC8-AC434EAEAE8A}
	EndGlobalSection
EndGlobal
