
Microsoft Visual Studio Solution File, Format Version 12.00
# Visual Studio Version 16
VisualStudioVersion = 16.0.30413.136
MinimumVisualStudioVersion = 10.0.40219.1
Project("{9A19103F-16F7-4668-BE54-9A1E7A4F7556}") = "Progress.Sitefinity.AspNetCore.BigCommerce", "Progress.Sitefinity.AspNetCore.BigCommerce\Progress.Sitefinity.AspNetCore.BigCommerce.csproj", "{42F4A34A-5F29-4230-BA1A-08589D4022BB}"
EndProject
Project("{9A19103F-16F7-4668-BE54-9A1E7A4F7556}") = "big-commerce", "WebApp\big-commerce.csproj", "{2E52178D-C39F-4148-A205-2C176DD430A7}"
EndProject
Global
	GlobalSection(SolutionConfigurationPlatforms) = preSolution
		Debug|Any CPU = Debug|Any CPU
		Release|Any CPU = Release|Any CPU
	EndGlobalSection
	GlobalSection(ProjectConfigurationPlatforms) = postSolution
		{42F4A34A-5F29-4230-BA1A-08589D4022BB}.Debug|Any CPU.ActiveCfg = Debug|Any CPU
		{42F4A34A-5F29-4230-BA1A-08589D4022BB}.Debug|Any CPU.Build.0 = Debug|Any CPU
		{42F4A34A-5F29-4230-BA1A-08589D4022BB}.Release|Any CPU.ActiveCfg = Release|Any CPU
		{42F4A34A-5F29-4230-BA1A-08589D4022BB}.Release|Any CPU.Build.0 = Release|Any CPU
		{2E52178D-C39F-4148-A205-2C176DD430A7}.Debug|Any CPU.ActiveCfg = Debug|Any CPU
		{2E52178D-C39F-4148-A205-2C176DD430A7}.Debug|Any CPU.Build.0 = Debug|Any CPU
		{2E52178D-C39F-4148-A205-2C176DD430A7}.Release|Any CPU.ActiveCfg = Release|Any CPU
		{2E52178D-C39F-4148-A205-2C176DD430A7}.Release|Any CPU.Build.0 = Release|Any CPU
	EndGlobalSection
	GlobalSection(SolutionProperties) = preSolution
		HideSolutionNode = FALSE
	EndGlobalSection
	GlobalSection(ExtensibilityGlobals) = postSolution
		SolutionGuid = {3B5D773B-144F-4FFD-ACB4-A473FADEE210}
	EndGlobalSection
EndGlobal
