
Microsoft Visual Studio Solution File, Format Version 12.00
# Visual Studio Version 17
VisualStudioVersion = 17.0.32112.339
MinimumVisualStudioVersion = 10.0.40219.1
Project("{9A19103F-16F7-4668-BE54-9A1E7A4F7556}") = "migrate-data-to-cms", "migrate-data-to-cms.csproj", "{74B9EEBB-6F4F-46BD-95D1-CFA08E5D107B}"
EndProject
Global
	GlobalSection(SolutionConfigurationPlatforms) = preSolution
		Debug|Any CPU = Debug|Any CPU
		Release|Any CPU = Release|Any CPU
	EndGlobalSection
	GlobalSection(ProjectConfigurationPlatforms) = postSolution
		{74B9EEBB-6F4F-46BD-95D1-CFA08E5D107B}.Debug|Any CPU.ActiveCfg = Debug|Any CPU
		{74B9EEBB-6F4F-46BD-95D1-CFA08E5D107B}.Debug|Any CPU.Build.0 = Debug|Any CPU
		{74B9EEBB-6F4F-46BD-95D1-CFA08E5D107B}.Release|Any CPU.ActiveCfg = Release|Any CPU
		{74B9EEBB-6F4F-46BD-95D1-CFA08E5D107B}.Release|Any CPU.Build.0 = Release|Any CPU
	EndGlobalSection
	GlobalSection(SolutionProperties) = preSolution
		HideSolutionNode = FALSE
	EndGlobalSection
	GlobalSection(ExtensibilityGlobals) = postSolution
		SolutionGuid = {BF9AB61B-80FD-4F04-882D-09C42E5D3341}
	EndGlobalSection
EndGlobal
