
Microsoft Visual Studio Solution File, Format Version 12.00
# Visual Studio Version 17
VisualStudioVersion = 17.1.32428.221
MinimumVisualStudioVersion = 10.0.40219.1
Project("{9A19103F-16F7-4668-BE54-9A1E7A4F7556}") = "webapp", "WebApp\webapp.csproj", "{2E52178D-C39F-4148-A205-2C176DD430A7}"
EndProject
Project("{FAE04EC0-301F-11D3-BF4B-00C04F79EFBC}") = "integrationtests", "integrationtests\integrationtests.csproj", "{F1661C02-970C-4B16-8BE7-791A8AD2AAA0}"
EndProject
Global
	GlobalSection(SolutionConfigurationPlatforms) = preSolution
		Debug|Any CPU = Debug|Any CPU
		Release|Any CPU = Release|Any CPU
	EndGlobalSection
	GlobalSection(ProjectConfigurationPlatforms) = postSolution
		{2E52178D-C39F-4148-A205-2C176DD430A7}.Debug|Any CPU.ActiveCfg = Debug|Any CPU
		{2E52178D-C39F-4148-A205-2C176DD430A7}.Debug|Any CPU.Build.0 = Debug|Any CPU
		{2E52178D-C39F-4148-A205-2C176DD430A7}.Release|Any CPU.ActiveCfg = Release|Any CPU
		{2E52178D-C39F-4148-A205-2C176DD430A7}.Release|Any CPU.Build.0 = Release|Any CPU
		{F1661C02-970C-4B16-8BE7-791A8AD2AAA0}.Debug|Any CPU.ActiveCfg = Debug|Any CPU
		{F1661C02-970C-4B16-8BE7-791A8AD2AAA0}.Debug|Any CPU.Build.0 = Debug|Any CPU
		{F1661C02-970C-4B16-8BE7-791A8AD2AAA0}.Release|Any CPU.ActiveCfg = Release|Any CPU
		{F1661C02-970C-4B16-8BE7-791A8AD2AAA0}.Release|Any CPU.Build.0 = Release|Any CPU
	EndGlobalSection
	GlobalSection(SolutionProperties) = preSolution
		HideSolutionNode = FALSE
	EndGlobalSection
	GlobalSection(ExtensibilityGlobals) = postSolution
		SolutionGuid = {3B5D773B-144F-4FFD-ACB4-A473FADEE210}
	EndGlobalSection
EndGlobal
