
Microsoft Visual Studio Solution File, Format Version 12.00
# Visual Studio Version 16
VisualStudioVersion = 16.0.30413.136
MinimumVisualStudioVersion = 10.0.40219.1
Project("{9A19103F-16F7-4668-BE54-9A1E7A4F7556}") = "sitefinity-data", "sitefinity-data.csproj", "{006A164A-401F-4CF2-8265-CF087ACBC544}"
EndProject
Global
	GlobalSection(SolutionConfigurationPlatforms) = preSolution
		Debug|Any CPU = Debug|Any CPU
		Release|Any CPU = Release|Any CPU
	EndGlobalSection
	GlobalSection(ProjectConfigurationPlatforms) = postSolution
		{006A164A-401F-4CF2-8265-CF087ACBC544}.Debug|Any CPU.ActiveCfg = Debug|Any CPU
		{006A164A-401F-4CF2-8265-CF087ACBC544}.Debug|Any CPU.Build.0 = Debug|Any CPU
		{006A164A-401F-4CF2-8265-CF087ACBC544}.Release|Any CPU.ActiveCfg = Release|Any CPU
		{006A164A-401F-4CF2-8265-CF087ACBC544}.Release|Any CPU.Build.0 = Release|Any CPU
	EndGlobalSection
	GlobalSection(SolutionProperties) = preSolution
		HideSolutionNode = FALSE
	EndGlobalSection
	GlobalSection(ExtensibilityGlobals) = postSolution
		SolutionGuid = {AE95E43E-DC4C-4C8A-93B8-AD11D7975877}
	EndGlobalSection
EndGlobal
