
Microsoft Visual Studio Solution File, Format Version 12.00
# Visual Studio Version 16
VisualStudioVersion = 16.0.30803.129
MinimumVisualStudioVersion = 10.0.40219.1
Project("{FAE04EC0-301F-11D3-BF4B-00C04F79EFBC}") = "SeparateWidgetPerComponent", "SeparateWidgetPerComponent\SeparateWidgetPerComponent.csproj", "{B68982F9-6264-45B3-AB78-88A1DBA3BB0E}"
EndProject
Global
	GlobalSection(SolutionConfigurationPlatforms) = preSolution
		Debug|Any CPU = Debug|Any CPU
		Release|Any CPU = Release|Any CPU
	EndGlobalSection
	GlobalSection(ProjectConfigurationPlatforms) = postSolution
		{B68982F9-6264-45B3-AB78-88A1DBA3BB0E}.Debug|Any CPU.ActiveCfg = Debug|Any CPU
		{B68982F9-6264-45B3-AB78-88A1DBA3BB0E}.Debug|Any CPU.Build.0 = Debug|Any CPU
		{B68982F9-6264-45B3-AB78-88A1DBA3BB0E}.Release|Any CPU.ActiveCfg = Release|Any CPU
		{B68982F9-6264-45B3-AB78-88A1DBA3BB0E}.Release|Any CPU.Build.0 = Release|Any CPU
	EndGlobalSection
	GlobalSection(SolutionProperties) = preSolution
		HideSolutionNode = FALSE
	EndGlobalSection
	GlobalSection(ExtensibilityGlobals) = postSolution
		SolutionGuid = {9B66914B-3A93-47D7-A71A-2A05B4787200}
	EndGlobalSection
EndGlobal
