
Microsoft Visual Studio Solution File, Format Version 12.00
# Visual Studio Version 16
VisualStudioVersion = 16.0.30413.136
MinimumVisualStudioVersion = 10.0.40219.1
Project("{9A19103F-16F7-4668-BE54-9A1E7A4F7556}") = "custom-layout", "custom-layout.csproj", "{13C34492-F743-4FEB-AEA0-899441CDD030}"
EndProject
Global
	GlobalSection(SolutionConfigurationPlatforms) = preSolution
		Debug|Any CPU = Debug|Any CPU
		Release|Any CPU = Release|Any CPU
	EndGlobalSection
	GlobalSection(ProjectConfigurationPlatforms) = postSolution
		{13C34492-F743-4FEB-AEA0-899441CDD030}.Debug|Any CPU.ActiveCfg = Debug|Any CPU
		{13C34492-F743-4FEB-AEA0-899441CDD030}.Debug|Any CPU.Build.0 = Debug|Any CPU
		{13C34492-F743-4FEB-AEA0-899441CDD030}.Release|Any CPU.ActiveCfg = Release|Any CPU
		{13C34492-F743-4FEB-AEA0-899441CDD030}.Release|Any CPU.Build.0 = Release|Any CPU
	EndGlobalSection
	GlobalSection(SolutionProperties) = preSolution
		HideSolutionNode = FALSE
	EndGlobalSection
	GlobalSection(ExtensibilityGlobals) = postSolution
		SolutionGuid = {AABB85E2-54FD-4E8C-BA92-DF1C211A734F}
	EndGlobalSection
EndGlobal
