
Microsoft Visual Studio Solution File, Format Version 12.00
# Visual Studio Version 16
VisualStudioVersion = 16.0.30413.136
MinimumVisualStudioVersion = 10.0.40219.1
Project("{9A19103F-16F7-4668-BE54-9A1E7A4F7556}") = "form", "form.csproj", "{D0888D6D-8859-47C5-AB71-882EC81F9CD0}"
EndProject
Global
	GlobalSection(SolutionConfigurationPlatforms) = preSolution
		Debug|Any CPU = Debug|Any CPU
		Release|Any CPU = Release|Any CPU
	EndGlobalSection
	GlobalSection(ProjectConfigurationPlatforms) = postSolution
		{D0888D6D-8859-47C5-AB71-882EC81F9CD0}.Debug|Any CPU.ActiveCfg = Debug|Any CPU
		{D0888D6D-8859-47C5-AB71-882EC81F9CD0}.Debug|Any CPU.Build.0 = Debug|Any CPU
		{D0888D6D-8859-47C5-AB71-882EC81F9CD0}.Release|Any CPU.ActiveCfg = Release|Any CPU
		{D0888D6D-8859-47C5-AB71-882EC81F9CD0}.Release|Any CPU.Build.0 = Release|Any CPU
	EndGlobalSection
	GlobalSection(SolutionProperties) = preSolution
		HideSolutionNode = FALSE
	EndGlobalSection
	GlobalSection(ExtensibilityGlobals) = postSolution
		SolutionGuid = {BAE6E168-485B-4C51-A016-EB2EFFF14D68}
	EndGlobalSection
EndGlobal
