
Microsoft Visual Studio Solution File, Format Version 12.00
# Visual Studio Version 16
VisualStudioVersion = 16.0.30413.136
MinimumVisualStudioVersion = 10.0.40219.1
Project("{9A19103F-16F7-4668-BE54-9A1E7A4F7556}") = "all-fields", "all-fields.csproj", "{DA4E1427-69CE-4329-A143-635E50938EF1}"
EndProject
Global
	GlobalSection(SolutionConfigurationPlatforms) = preSolution
		Debug|Any CPU = Debug|Any CPU
		Release|Any CPU = Release|Any CPU
	EndGlobalSection
	GlobalSection(ProjectConfigurationPlatforms) = postSolution
		{DA4E1427-69CE-4329-A143-635E50938EF1}.Debug|Any CPU.ActiveCfg = Debug|Any CPU
		{DA4E1427-69CE-4329-A143-635E50938EF1}.Debug|Any CPU.Build.0 = Debug|Any CPU
		{DA4E1427-69CE-4329-A143-635E50938EF1}.Release|Any CPU.ActiveCfg = Release|Any CPU
		{DA4E1427-69CE-4329-A143-635E50938EF1}.Release|Any CPU.Build.0 = Release|Any CPU
	EndGlobalSection
	GlobalSection(SolutionProperties) = preSolution
		HideSolutionNode = FALSE
	EndGlobalSection
	GlobalSection(ExtensibilityGlobals) = postSolution
		SolutionGuid = {54AD1A17-5231-483C-B900-D8B40C41A203}
	EndGlobalSection
EndGlobal
